// !$*UTF8*$!
{
	archiveVersion = 1;
	classes = {
	};
	objectVersion = 46;
	objects = {

/* Begin PBXBuildFile section */
		523B40251756A0DB0057B5B6 /* UIKit.framework in Frameworks */ = {isa = PBXBuildFile; fileRef = 523B40241756A0DB0057B5B6 /* UIKit.framework */; };
		523B40271756A0DB0057B5B6 /* Foundation.framework in Frameworks */ = {isa = PBXBuildFile; fileRef = 523B40261756A0DB0057B5B6 /* Foundation.framework */; };
		523B40291756A0DB0057B5B6 /* CoreGraphics.framework in Frameworks */ = {isa = PBXBuildFile; fileRef = 523B40281756A0DB0057B5B6 /* CoreGraphics.framework */; };
		523B402F1756A0DB0057B5B6 /* InfoPlist.strings in Resources */ = {isa = PBXBuildFile; fileRef = 523B402D1756A0DB0057B5B6 /* InfoPlist.strings */; };
		523B40311756A0DB0057B5B6 /* main.m in Sources */ = {isa = PBXBuildFile; fileRef = 523B40301756A0DB0057B5B6 /* main.m */; };
		523B40351756A0DB0057B5B6 /* AppDelegate.m in Sources */ = {isa = PBXBuildFile; fileRef = 523B40341756A0DB0057B5B6 /* AppDelegate.m */; };
		523B40371756A0DB0057B5B6 /* Default.png in Resources */ = {isa = PBXBuildFile; fileRef = 523B40361756A0DB0057B5B6 /* Default.png */; };
		523B40391756A0DB0057B5B6 /* Default@2x.png in Resources */ = {isa = PBXBuildFile; fileRef = 523B40381756A0DB0057B5B6 /* Default@2x.png */; };
		523B403B1756A0DB0057B5B6 /* Default-568h@2x.png in Resources */ = {isa = PBXBuildFile; fileRef = 523B403A1756A0DB0057B5B6 /* Default-568h@2x.png */; };
		523B403E1756A0DB0057B5B6 /* MainStoryboard.storyboard in Resources */ = {isa = PBXBuildFile; fileRef = 523B403C1756A0DB0057B5B6 /* MainStoryboard.storyboard */; };
		523B40411756A0DB0057B5B6 /* AnimateView.m in Sources */ = {isa = PBXBuildFile; fileRef = 523B40401756A0DB0057B5B6 /* AnimateView.m */; };
		523B40491756A1990057B5B6 /* TestAnimation.m in Sources */ = {isa = PBXBuildFile; fileRef = 523B40481756A1990057B5B6 /* TestAnimation.m */; };
/* End PBXBuildFile section */

/* Begin PBXFileReference section */
		523B40211756A0DB0057B5B6 /* AnimateView.app */ = {isa = PBXFileReference; explicitFileType = wrapper.application; includeInIndex = 0; path = AnimateView.app; sourceTree = BUILT_PRODUCTS_DIR; };
		523B40241756A0DB0057B5B6 /* UIKit.framework */ = {isa = PBXFileReference; lastKnownFileType = wrapper.framework; name = UIKit.framework; path = System/Library/Frameworks/UIKit.framework; sourceTree = SDKROOT; };
		523B40261756A0DB0057B5B6 /* Foundation.framework */ = {isa = PBXFileReference; lastKnownFileType = wrapper.framework; name = Foundation.framework; path = System/Library/Frameworks/Foundation.framework; sourceTree = SDKROOT; };
		523B40281756A0DB0057B5B6 /* CoreGraphics.framework */ = {isa = PBXFileReference; lastKnownFileType = wrapper.framework; name = CoreGraphics.framework; path = System/Library/Frameworks/CoreGraphics.framework; sourceTree = SDKROOT; };
		523B402C1756A0DB0057B5B6 /* AnimateView-Info.plist */ = {isa = PBXFileReference; lastKnownFileType = text.plist.xml; name = "AnimateView-Info.plist"; path = "SupportingFiles/AnimateView-Info.plist"; sourceTree = "<group>"; };
		523B402E1756A0DB0057B5B6 /* en */ = {isa = PBXFileReference; lastKnownFileType = text.plist.strings; name = en; path = en.lproj/InfoPlist.strings; sourceTree = "<group>"; };
		523B40301756A0DB0057B5B6 /* main.m */ = {isa = PBXFileReference; lastKnownFileType = sourcecode.c.objc; name = main.m; path = SupportingFiles/main.m; sourceTree = "<group>"; };
		523B40321756A0DB0057B5B6 /* AnimateView-Prefix.pch */ = {isa = PBXFileReference; lastKnownFileType = sourcecode.c.h; name = "AnimateView-Prefix.pch"; path = "SupportingFiles/AnimateView-Prefix.pch"; sourceTree = "<group>"; };
		523B40331756A0DB0057B5B6 /* AppDelegate.h */ = {isa = PBXFileReference; lastKnownFileType = sourcecode.c.h; name = AppDelegate.h; path = SupportingFiles/AppDelegate.h; sourceTree = "<group>"; };
		523B40341756A0DB0057B5B6 /* AppDelegate.m */ = {isa = PBXFileReference; lastKnownFileType = sourcecode.c.objc; name = AppDelegate.m; path = SupportingFiles/AppDelegate.m; sourceTree = "<group>"; };
		523B40361756A0DB0057B5B6 /* Default.png */ = {isa = PBXFileReference; lastKnownFileType = image.png; name = Default.png; path = SupportingFiles/Default.png; sourceTree = "<group>"; };
		523B40381756A0DB0057B5B6 /* Default@2x.png */ = {isa = PBXFileReference; lastKnownFileType = image.png; name = "Default@2x.png"; path = "SupportingFiles/Default@2x.png"; sourceTree = "<group>"; };
		523B403A1756A0DB0057B5B6 /* Default-568h@2x.png */ = {isa = PBXFileReference; lastKnownFileType = image.png; name = "Default-568h@2x.png"; path = "SupportingFiles/Default-568h@2x.png"; sourceTree = "<group>"; };
		523B403D1756A0DB0057B5B6 /* en */ = {isa = PBXFileReference; lastKnownFileType = file.storyboard; name = en; path = en.lproj/MainStoryboard.storyboard; sourceTree = "<group>"; };
		523B403F1756A0DB0057B5B6 /* AnimateView.h */ = {isa = PBXFileReference; lastKnownFileType = sourcecode.c.h; name = AnimateView.h; path = Category/AnimateView.h; sourceTree = "<group>"; };
		523B40401756A0DB0057B5B6 /* AnimateView.m */ = {isa = PBXFileReference; lastKnownFileType = sourcecode.c.objc; name = AnimateView.m; path = Category/AnimateView.m; sourceTree = "<group>"; };
		523B40471756A1990057B5B6 /* TestAnimation.h */ = {isa = PBXFileReference; fileEncoding = 4; lastKnownFileType = sourcecode.c.h; name = TestAnimation.h; path = TestClass/TestAnimation.h; sourceTree = "<group>"; };
		523B40481756A1990057B5B6 /* TestAnimation.m */ = {isa = PBXFileReference; fileEncoding = 4; lastKnownFileType = sourcecode.c.objc; name = TestAnimation.m; path = TestClass/TestAnimation.m; sourceTree = "<group>"; };
/* End PBXFileReference section */

/* Begin PBXFrameworksBuildPhase section */
		523B401E1756A0DB0057B5B6 /* Frameworks */ = {
			isa = PBXFrameworksBuildPhase;
			buildActionMask = 2147483647;
			files = (
				523B40251756A0DB0057B5B6 /* UIKit.framework in Frameworks */,
				523B40271756A0DB0057B5B6 /* Foundation.framework in Frameworks */,
				523B40291756A0DB0057B5B6 /* CoreGraphics.framework in Frameworks */,
			);
			runOnlyForDeploymentPostprocessing = 0;
		};
/* End PBXFrameworksBuildPhase section */

/* Begin PBXGroup section */
		523B40181756A0DB0057B5B6 = {
			isa = PBXGroup;
			children = (
				523B402A1756A0DB0057B5B6 /* AnimateLabel */,
				523B40231756A0DB0057B5B6 /* Frameworks */,
				523B40221756A0DB0057B5B6 /* Products */,
			);
			sourceTree = "<group>";
		};
		523B40221756A0DB0057B5B6 /* Products */ = {
			isa = PBXGroup;
			children = (
				523B40211756A0DB0057B5B6 /* AnimateView.app */,
			);
			name = Products;
			sourceTree = "<group>";
		};
		523B40231756A0DB0057B5B6 /* Frameworks */ = {
			isa = PBXGroup;
			children = (
				523B40241756A0DB0057B5B6 /* UIKit.framework */,
				523B40261756A0DB0057B5B6 /* Foundation.framework */,
				523B40281756A0DB0057B5B6 /* CoreGraphics.framework */,
			);
			name = Frameworks;
			sourceTree = "<group>";
		};
		523B402A1756A0DB0057B5B6 /* AnimateLabel */ = {
			isa = PBXGroup;
			children = (
				523B403C1756A0DB0057B5B6 /* MainStoryboard.storyboard */,
				523B40671756AD020057B5B6 /* AnimateLabelCategory */,
				523B40661756ACF60057B5B6 /* TestAnimation */,
				523B402B1756A0DB0057B5B6 /* Supporting Files */,
			);
			name = AnimateLabel;
			path = AnimateView;
			sourceTree = "<group>";
		};
		523B402B1756A0DB0057B5B6 /* Supporting Files */ = {
			isa = PBXGroup;
			children = (
				523B40331756A0DB0057B5B6 /* AppDelegate.h */,
				523B40341756A0DB0057B5B6 /* AppDelegate.m */,
				523B402C1756A0DB0057B5B6 /* AnimateView-Info.plist */,
				523B402D1756A0DB0057B5B6 /* InfoPlist.strings */,
				523B40301756A0DB0057B5B6 /* main.m */,
				523B40321756A0DB0057B5B6 /* AnimateView-Prefix.pch */,
				523B40361756A0DB0057B5B6 /* Default.png */,
				523B40381756A0DB0057B5B6 /* Default@2x.png */,
				523B403A1756A0DB0057B5B6 /* Default-568h@2x.png */,
			);
			name = "Supporting Files";
			sourceTree = "<group>";
		};
		523B40661756ACF60057B5B6 /* TestAnimation */ = {
			isa = PBXGroup;
			children = (
				523B40471756A1990057B5B6 /* TestAnimation.h */,
				523B40481756A1990057B5B6 /* TestAnimation.m */,
			);
			name = TestAnimation;
			sourceTree = "<group>";
		};
		523B40671756AD020057B5B6 /* AnimateLabelCategory */ = {
			isa = PBXGroup;
			children = (
				523B403F1756A0DB0057B5B6 /* AnimateView.h */,
				523B40401756A0DB0057B5B6 /* AnimateView.m */,
			);
			name = AnimateLabelCategory;
			sourceTree = "<group>";
		};
/* End PBXGroup section */

/* Begin PBXNativeTarget section */
		523B40201756A0DB0057B5B6 /* AnimateView */ = {
			isa = PBXNativeTarget;
			buildConfigurationList = 523B40441756A0DB0057B5B6 /* Build configuration list for PBXNativeTarget "AnimateView" */;
			buildPhases = (
				523B401D1756A0DB0057B5B6 /* Sources */,
				523B401E1756A0DB0057B5B6 /* Frameworks */,
				523B401F1756A0DB0057B5B6 /* Resources */,
			);
			buildRules = (
			);
			dependencies = (
			);
			name = AnimateView;
			productName = AnimateLabel;
			productReference = 523B40211756A0DB0057B5B6 /* AnimateView.app */;
			productType = "com.apple.product-type.application";
		};
/* End PBXNativeTarget section */

/* Begin PBXProject section */
		523B40191756A0DB0057B5B6 /* Project object */ = {
			isa = PBXProject;
			attributes = {
				LastUpgradeCheck = 0460;
				ORGANIZATIONNAME = JRamos;
			};
			buildConfigurationList = 523B401C1756A0DB0057B5B6 /* Build configuration list for PBXProject "AnimateView" */;
			compatibilityVersion = "Xcode 3.2";
			developmentRegion = English;
			hasScannedForEncodings = 0;
			knownRegions = (
				en,
			);
			mainGroup = 523B40181756A0DB0057B5B6;
			productRefGroup = 523B40221756A0DB0057B5B6 /* Products */;
			projectDirPath = "";
			projectRoot = "";
			targets = (
				523B40201756A0DB0057B5B6 /* AnimateView */,
			);
		};
/* End PBXProject section */

/* Begin PBXResourcesBuildPhase section */
		523B401F1756A0DB0057B5B6 /* Resources */ = {
			isa = PBXResourcesBuildPhase;
			buildActionMask = 2147483647;
			files = (
				523B402F1756A0DB0057B5B6 /* InfoPlist.strings in Resources */,
				523B40371756A0DB0057B5B6 /* Default.png in Resources */,
				523B40391756A0DB0057B5B6 /* Default@2x.png in Resources */,
				523B403B1756A0DB0057B5B6 /* Default-568h@2x.png in Resources */,
				523B403E1756A0DB0057B5B6 /* MainStoryboard.storyboard in Resources */,
			);
			runOnlyForDeploymentPostprocessing = 0;
		};
/* End PBXResourcesBuildPhase section */

/* Begin PBXSourcesBuildPhase section */
		523B401D1756A0DB0057B5B6 /* Sources */ = {
			isa = PBXSourcesBuildPhase;
			buildActionMask = 2147483647;
			files = (
				523B40311756A0DB0057B5B6 /* main.m in Sources */,
				523B40351756A0DB0057B5B6 /* AppDelegate.m in Sources */,
				523B40411756A0DB0057B5B6 /* AnimateView.m in Sources */,
				523B40491756A1990057B5B6 /* TestAnimation.m in Sources */,
			);
			runOnlyForDeploymentPostprocessing = 0;
		};
/* End PBXSourcesBuildPhase section */

/* Begin PBXVariantGroup section */
		523B402D1756A0DB0057B5B6 /* InfoPlist.strings */ = {
			isa = PBXVariantGroup;
			children = (
				523B402E1756A0DB0057B5B6 /* en */,
			);
			name = InfoPlist.strings;
			path = SupportingFiles;
			sourceTree = "<group>";
		};
		523B403C1756A0DB0057B5B6 /* MainStoryboard.storyboard */ = {
			isa = PBXVariantGroup;
			children = (
				523B403D1756A0DB0057B5B6 /* en */,
			);
			name = MainStoryboard.storyboard;
			path = SupportingFiles;
			sourceTree = "<group>";
		};
/* End PBXVariantGroup section */

/* Begin XCBuildConfiguration section */
		523B40421756A0DB0057B5B6 /* Debug */ = {
			isa = XCBuildConfiguration;
			buildSettings = {
				ALWAYS_SEARCH_USER_PATHS = NO;
				CLANG_CXX_LANGUAGE_STANDARD = "gnu++0x";
				CLANG_CXX_LIBRARY = "libc++";
				CLANG_ENABLE_OBJC_ARC = YES;
				CLANG_WARN_CONSTANT_CONVERSION = YES;
				CLANG_WARN_EMPTY_BODY = YES;
				CLANG_WARN_ENUM_CONVERSION = YES;
				CLANG_WARN_INT_CONVERSION = YES;
				CLANG_WARN__DUPLICATE_METHOD_MATCH = YES;
				"CODE_SIGN_IDENTITY[sdk=iphoneos*]" = "iPhone Developer";
				COPY_PHASE_STRIP = NO;
				GCC_C_LANGUAGE_STANDARD = gnu99;
				GCC_DYNAMIC_NO_PIC = NO;
				GCC_OPTIMIZATION_LEVEL = 0;
				GCC_PREPROCESSOR_DEFINITIONS = (
					"DEBUG=1",
					"$(inherited)",
				);
				GCC_SYMBOLS_PRIVATE_EXTERN = NO;
				GCC_WARN_ABOUT_RETURN_TYPE = YES;
				GCC_WARN_UNINITIALIZED_AUTOS = YES;
				GCC_WARN_UNUSED_VARIABLE = YES;
				IPHONEOS_DEPLOYMENT_TARGET = 6.1;
				ONLY_ACTIVE_ARCH = YES;
				SDKROOT = iphoneos;
			};
			name = Debug;
		};
		523B40431756A0DB0057B5B6 /* Release */ = {
			isa = XCBuildConfiguration;
			buildSettings = {
				ALWAYS_SEARCH_USER_PATHS = NO;
				CLANG_CXX_LANGUAGE_STANDARD = "gnu++0x";
				CLANG_CXX_LIBRARY = "libc++";
				CLANG_ENABLE_OBJC_ARC = YES;
				CLANG_WARN_CONSTANT_CONVERSION = YES;
				CLANG_WARN_EMPTY_BODY = YES;
				CLANG_WARN_ENUM_CONVERSION = YES;
				CLANG_WARN_INT_CONVERSION = YES;
				CLANG_WARN__DUPLICATE_METHOD_MATCH = YES;
				"CODE_SIGN_IDENTITY[sdk=iphoneos*]" = "iPhone Developer";
				COPY_PHASE_STRIP = YES;
				GCC_C_LANGUAGE_STANDARD = gnu99;
				GCC_WARN_ABOUT_RETURN_TYPE = YES;
				GCC_WARN_UNINITIALIZED_AUTOS = YES;
				GCC_WARN_UNUSED_VARIABLE = YES;
				IPHONEOS_DEPLOYMENT_TARGET = 6.1;
				OTHER_CFLAGS = "-DNS_BLOCK_ASSERTIONS=1";
				SDKROOT = iphoneos;
				VALIDATE_PRODUCT = YES;
			};
			name = Release;
		};
		523B40451756A0DB0057B5B6 /* Debug */ = {
			isa = XCBuildConfiguration;
			buildSettings = {
				GCC_PRECOMPILE_PREFIX_HEADER = YES;
				GCC_PREFIX_HEADER = "AnimateView/SupportingFiles/AnimateView-Prefix.pch";
				INFOPLIST_FILE = "AnimateView/SupportingFiles/AnimateView-Info.plist";
				PRODUCT_NAME = AnimateView;
				WRAPPER_EXTENSION = app;
			};
			name = Debug;
		};
		523B40461756A0DB0057B5B6 /* Release */ = {
			isa = XCBuildConfiguration;
			buildSettings = {
				GCC_PRECOMPILE_PREFIX_HEADER = YES;
				GCC_PREFIX_HEADER = "AnimateView/SupportingFiles/AnimateView-Prefix.pch";
				INFOPLIST_FILE = "AnimateView/SupportingFiles/AnimateView-Info.plist";
				PRODUCT_NAME = AnimateView;
				WRAPPER_EXTENSION = app;
			};
			name = Release;
		};
/* End XCBuildConfiguration section */

/* Begin XCConfigurationList section */
		523B401C1756A0DB0057B5B6 /* Build configuration list for PBXProject "AnimateView" */ = {
			isa = XCConfigurationList;
			buildConfigurations = (
				523B40421756A0DB0057B5B6 /* Debug */,
				523B40431756A0DB0057B5B6 /* Release */,
			);
			defaultConfigurationIsVisible = 0;
			defaultConfigurationName = Release;
		};
		523B40441756A0DB0057B5B6 /* Build configuration list for PBXNativeTarget "AnimateView" */ = {
			isa = XCConfigurationList;
			buildConfigurations = (
				523B40451756A0DB0057B5B6 /* Debug */,
				523B40461756A0DB0057B5B6 /* Release */,
			);
			defaultConfigurationIsVisible = 0;
			defaultConfigurationName = Release;
		};
/* End XCConfigurationList section */
	};
	rootObject = 523B40191756A0DB0057B5B6 /* Project object */;
}
